# This file is automatically @generated by Cargo.
# It is not intended for manual editing.
[[package]]
name = "file-utils"
version = "0.1.5"
source = "registry+https://github.com/rust-lang/crates.io-index"

[[package]]
name = "rustdmg"
version = "0.1.0"
dependencies = [
 "file-utils 0.1.5 (registry+https://github.com/rust-lang/crates.io-index)",
]

[metadata]
"checksum file-utils 0.1.5 (registry+https://github.com/rust-lang/crates.io-index)" = "8a69cd243d774aa2a8e70c5d06cc57f41559ad471e18bdd1766dd3bef7b83ab4"
